// !$*UTF8*$!
{
	archiveVersion = 1;
	classes = {
	};
	objectVersion = 46;
	objects = {

/* Begin PBXBuildFile section */
		8E2C91021B09C35200761A1E /* AppDelegate.swift in Sources */ = {isa = PBXBuildFile; fileRef = 8E2C91011B09C35200761A1E /* AppDelegate.swift */; };
		8E2C91051B09C35200761A1E /* GyroArray.xcdatamodeld in Sources */ = {isa = PBXBuildFile; fileRef = 8E2C91031B09C35200761A1E /* GyroArray.xcdatamodeld */; };
		8E2C91071B09C35200761A1E /* ViewController.swift in Sources */ = {isa = PBXBuildFile; fileRef = 8E2C91061B09C35200761A1E /* ViewController.swift */; };
		8E2C910A1B09C35200761A1E /* Main.storyboard in Resources */ = {isa = PBXBuildFile; fileRef = 8E2C91081B09C35200761A1E /* Main.storyboard */; };
		8E2C910C1B09C35200761A1E /* Images.xcassets in Resources */ = {isa = PBXBuildFile; fileRef = 8E2C910B1B09C35200761A1E /* Images.xcassets */; };
		8E2C910F1B09C35200761A1E /* LaunchScreen.xib in Resources */ = {isa = PBXBuildFile; fileRef = 8E2C910D1B09C35200761A1E /* LaunchScreen.xib */; };
		8E2C911B1B09C35200761A1E /* GyroArrayTests.swift in Sources */ = {isa = PBXBuildFile; fileRef = 8E2C911A1B09C35200761A1E /* GyroArrayTests.swift */; };
		8E2C91251B09C38B00761A1E /* UIKit.framework in Frameworks */ = {isa = PBXBuildFile; fileRef = 8E2C91241B09C38B00761A1E /* UIKit.framework */; };
		8E2C91271B09C39500761A1E /* CoreMotion.framework in Frameworks */ = {isa = PBXBuildFile; fileRef = 8E2C91261B09C39500761A1E /* CoreMotion.framework */; };
		8E3843A41B3CB3E600CBB6C6 /* httpgets2.swift in Sources */ = {isa = PBXBuildFile; fileRef = 8E3843A31B3CB3E600CBB6C6 /* httpgets2.swift */; };
		8E6489721B23C5700091190D /* getMotionSensor.swift in Sources */ = {isa = PBXBuildFile; fileRef = 8E6489711B23C5700091190D /* getMotionSensor.swift */; };
		8E6489741B23C61C0091190D /* JsonSaveData.swift in Sources */ = {isa = PBXBuildFile; fileRef = 8E6489731B23C61C0091190D /* JsonSaveData.swift */; };
		8E8AC1641B52AA4200E83431 /* ViewController12.swift in Sources */ = {isa = PBXBuildFile; fileRef = 8E8AC1631B52AA4200E83431 /* ViewController12.swift */; };
		8E8AC1661B5356CA00E83431 /* graphaView.swift in Sources */ = {isa = PBXBuildFile; fileRef = 8E8AC1651B5356CA00E83431 /* graphaView.swift */; };
		8EA19C671B30787F004A3794 /* SaveDataAll.swift in Sources */ = {isa = PBXBuildFile; fileRef = 8EA19C661B30787F004A3794 /* SaveDataAll.swift */; };
		8EAFA7701B392357005FCCD8 /* httpgets.swift in Sources */ = {isa = PBXBuildFile; fileRef = 8EAFA76F1B392357005FCCD8 /* httpgets.swift */; };
		A853219D1B4EE46B003FC2A0 /* Vtew Controller2.swift in Sources */ = {isa = PBXBuildFile; fileRef = A853219C1B4EE46B003FC2A0 /* Vtew Controller2.swift */; };
		CCC1970D1B520F8400433060 /* Arame.swift in Sources */ = {isa = PBXBuildFile; fileRef = CCC1970C1B520F8400433060 /* Arame.swift */; };
		CCC1970F1B520F8E00433060 /* sample.mp3 in Resources */ = {isa = PBXBuildFile; fileRef = CCC1970E1B520F8E00433060 /* sample.mp3 */; };
		CCC197161B5285DE00433060 /* Fabric.framework in Frameworks */ = {isa = PBXBuildFile; fileRef = CCC197121B5285DE00433060 /* Fabric.framework */; };
		CCC197171B5285DE00433060 /* TwitterKit.framework in Frameworks */ = {isa = PBXBuildFile; fileRef = CCC197131B5285DE00433060 /* TwitterKit.framework */; };
		CCC197181B5285DE00433060 /* TwitterKitResources.bundle in Resources */ = {isa = PBXBuildFile; fileRef = CCC197141B5285DE00433060 /* TwitterKitResources.bundle */; };
		CCC197191B5285DE00433060 /* TwitterCore.framework in Frameworks */ = {isa = PBXBuildFile; fileRef = CCC197151B5285DE00433060 /* TwitterCore.framework */; };
		CCDA83811B5206D700FA2BA5 /* rogo.png in Resources */ = {isa = PBXBuildFile; fileRef = CCDA83801B5206D700FA2BA5 /* rogo.png */; };
		CCDA83831B52070100FA2BA5 /* Twitter-25.png in Resources */ = {isa = PBXBuildFile; fileRef = CCDA83821B52070100FA2BA5 /* Twitter-25.png */; };
		CCDA83851B52071200FA2BA5 /* Bed-32.png in Resources */ = {isa = PBXBuildFile; fileRef = CCDA83841B52071200FA2BA5 /* Bed-32.png */; };
		CCDA83871B52072600FA2BA5 /* hot-milk.jpg in Resources */ = {isa = PBXBuildFile; fileRef = CCDA83861B52072600FA2BA5 /* hot-milk.jpg */; };
		CCDA83891B52073000FA2BA5 /* female-jogger-silhouette-fog-sunset-run-bay-area-sky.jpg in Resources */ = {isa = PBXBuildFile; fileRef = CCDA83881B52073000FA2BA5 /* female-jogger-silhouette-fog-sunset-run-bay-area-sky.jpg */; };
		CCDA838B1B52092700FA2BA5 /* Clock-50.png in Resources */ = {isa = PBXBuildFile; fileRef = CCDA838A1B52092700FA2BA5 /* Clock-50.png */; };
		CCDA838D1B52095000FA2BA5 /* Bullish-50.png in Resources */ = {isa = PBXBuildFile; fileRef = CCDA838C1B52095000FA2BA5 /* Bullish-50.png */; };
/* End PBXBuildFile section */

/* Begin PBXContainerItemProxy section */
		8E2C91151B09C35200761A1E /* PBXContainerItemProxy */ = {
			isa = PBXContainerItemProxy;
			containerPortal = 8E2C90F41B09C35200761A1E /* Project object */;
			proxyType = 1;
			remoteGlobalIDString = 8E2C90FB1B09C35200761A1E;
			remoteInfo = GyroArray;
		};
/* End PBXContainerItemProxy section */

/* Begin PBXFileReference section */
		8E2C90FC1B09C35200761A1E /* GyroArray.app */ = {isa = PBXFileReference; explicitFileType = wrapper.application; includeInIndex = 0; path = GyroArray.app; sourceTree = BUILT_PRODUCTS_DIR; };
		8E2C91011B09C35200761A1E /* AppDelegate.swift */ = {isa = PBXFileReference; lastKnownFileType = sourcecode.swift; path = AppDelegate.swift; sourceTree = "<group>"; };
		8E2C91041B09C35200761A1E /* GyroArray.xcdatamodel */ = {isa = PBXFileReference; lastKnownFileType = wrapper.xcdatamodel; path = GyroArray.xcdatamodel; sourceTree = "<group>"; };
		8E2C91061B09C35200761A1E /* ViewController.swift */ = {isa = PBXFileReference; lastKnownFileType = sourcecode.swift; path = ViewController.swift; sourceTree = "<group>"; };
		8E2C91091B09C35200761A1E /* Base */ = {isa = PBXFileReference; lastKnownFileType = file.storyboard; name = Base; path = Base.lproj/Main.storyboard; sourceTree = "<group>"; };
		8E2C910B1B09C35200761A1E /* Images.xcassets */ = {isa = PBXFileReference; lastKnownFileType = folder.assetcatalog; path = Images.xcassets; sourceTree = "<group>"; };
		8E2C910E1B09C35200761A1E /* Base */ = {isa = PBXFileReference; lastKnownFileType = file.xib; name = Base; path = Base.lproj/LaunchScreen.xib; sourceTree = "<group>"; };
		8E2C91141B09C35200761A1E /* GyroArrayTests.xctest */ = {isa = PBXFileReference; explicitFileType = wrapper.cfbundle; includeInIndex = 0; path = GyroArrayTests.xctest; sourceTree = BUILT_PRODUCTS_DIR; };
		8E2C91191B09C35200761A1E /* Info.plist */ = {isa = PBXFileReference; lastKnownFileType = text.plist.xml; path = Info.plist; sourceTree = "<group>"; };
		8E2C911A1B09C35200761A1E /* GyroArrayTests.swift */ = {isa = PBXFileReference; lastKnownFileType = sourcecode.swift; path = GyroArrayTests.swift; sourceTree = "<group>"; };
		8E2C91241B09C38B00761A1E /* UIKit.framework */ = {isa = PBXFileReference; lastKnownFileType = wrapper.framework; name = UIKit.framework; path = System/Library/Frameworks/UIKit.framework; sourceTree = SDKROOT; };
		8E2C91261B09C39500761A1E /* CoreMotion.framework */ = {isa = PBXFileReference; lastKnownFileType = wrapper.framework; name = CoreMotion.framework; path = System/Library/Frameworks/CoreMotion.framework; sourceTree = SDKROOT; };
		8E3843A31B3CB3E600CBB6C6 /* httpgets2.swift */ = {isa = PBXFileReference; fileEncoding = 4; lastKnownFileType = sourcecode.swift; path = httpgets2.swift; sourceTree = "<group>"; };
		8E6489711B23C5700091190D /* getMotionSensor.swift */ = {isa = PBXFileReference; fileEncoding = 4; lastKnownFileType = sourcecode.swift; path = getMotionSensor.swift; sourceTree = "<group>"; };
		8E6489731B23C61C0091190D /* JsonSaveData.swift */ = {isa = PBXFileReference; fileEncoding = 4; lastKnownFileType = sourcecode.swift; path = JsonSaveData.swift; sourceTree = "<group>"; };
		8E8AC1631B52AA4200E83431 /* ViewController12.swift */ = {isa = PBXFileReference; fileEncoding = 4; lastKnownFileType = sourcecode.swift; path = ViewController12.swift; sourceTree = "<group>"; };
		8E8AC1651B5356CA00E83431 /* graphaView.swift */ = {isa = PBXFileReference; fileEncoding = 4; lastKnownFileType = sourcecode.swift; path = graphaView.swift; sourceTree = "<group>"; };
		8EA19C661B30787F004A3794 /* SaveDataAll.swift */ = {isa = PBXFileReference; fileEncoding = 4; lastKnownFileType = sourcecode.swift; path = SaveDataAll.swift; sourceTree = "<group>"; };
		8EAFA76F1B392357005FCCD8 /* httpgets.swift */ = {isa = PBXFileReference; fileEncoding = 4; lastKnownFileType = sourcecode.swift; path = httpgets.swift; sourceTree = "<group>"; };
		8ED06F281B241DB200F448D2 /* Foundation.framework */ = {isa = PBXFileReference; lastKnownFileType = wrapper.framework; name = Foundation.framework; path = System/Library/Frameworks/Foundation.framework; sourceTree = SDKROOT; };
		8ED06F2A1B241DBD00F448D2 /* Security.framework */ = {isa = PBXFileReference; lastKnownFileType = wrapper.framework; name = Security.framework; path = System/Library/Frameworks/Security.framework; sourceTree = SDKROOT; };
		8ED06F2C1B241DC500F448D2 /* CFNetwork.framework */ = {isa = PBXFileReference; lastKnownFileType = wrapper.framework; name = CFNetwork.framework; path = System/Library/Frameworks/CFNetwork.framework; sourceTree = SDKROOT; };
		8ED06F2E1B241DD600F448D2 /* libcupolicy.dylib */ = {isa = PBXFileReference; lastKnownFileType = "compiled.mach-o.dylib"; name = libcupolicy.dylib; path = usr/lib/libcupolicy.dylib; sourceTree = SDKROOT; };
		A853219C1B4EE46B003FC2A0 /* Vtew Controller2.swift */ = {isa = PBXFileReference; fileEncoding = 4; lastKnownFileType = sourcecode.swift; path = "Vtew Controller2.swift"; sourceTree = "<group>"; };
		CCC1970C1B520F8400433060 /* Arame.swift */ = {isa = PBXFileReference; fileEncoding = 4; lastKnownFileType = sourcecode.swift; path = Arame.swift; sourceTree = "<group>"; };
		CCC1970E1B520F8E00433060 /* sample.mp3 */ = {isa = PBXFileReference; lastKnownFileType = audio.mp3; path = sample.mp3; sourceTree = "<group>"; };
		CCC197121B5285DE00433060 /* Fabric.framework */ = {isa = PBXFileReference; lastKnownFileType = wrapper.framework; path = Fabric.framework; sourceTree = "<group>"; };
		CCC197131B5285DE00433060 /* TwitterKit.framework */ = {isa = PBXFileReference; lastKnownFileType = wrapper.framework; path = TwitterKit.framework; sourceTree = "<group>"; };
		CCC197141B5285DE00433060 /* TwitterKitResources.bundle */ = {isa = PBXFileReference; lastKnownFileType = "wrapper.plug-in"; name = TwitterKitResources.bundle; path = TwitterKit.framework/Versions/A/Resources/TwitterKitResources.bundle; sourceTree = "<group>"; };
		CCC197151B5285DE00433060 /* TwitterCore.framework */ = {isa = PBXFileReference; lastKnownFileType = wrapper.framework; path = TwitterCore.framework; sourceTree = "<group>"; };
		CCDA83801B5206D700FA2BA5 /* rogo.png */ = {isa = PBXFileReference; lastKnownFileType = image.png; path = rogo.png; sourceTree = "<group>"; };
		CCDA83821B52070100FA2BA5 /* Twitter-25.png */ = {isa = PBXFileReference; lastKnownFileType = image.png; path = "Twitter-25.png"; sourceTree = "<group>"; };
		CCDA83841B52071200FA2BA5 /* Bed-32.png */ = {isa = PBXFileReference; lastKnownFileType = image.png; path = "Bed-32.png"; sourceTree = "<group>"; };
		CCDA83861B52072600FA2BA5 /* hot-milk.jpg */ = {isa = PBXFileReference; lastKnownFileType = image.jpeg; path = "hot-milk.jpg"; sourceTree = "<group>"; };
		CCDA83881B52073000FA2BA5 /* female-jogger-silhouette-fog-sunset-run-bay-area-sky.jpg */ = {isa = PBXFileReference; lastKnownFileType = image.jpeg; path = "female-jogger-silhouette-fog-sunset-run-bay-area-sky.jpg"; sourceTree = "<group>"; };
		CCDA838A1B52092700FA2BA5 /* Clock-50.png */ = {isa = PBXFileReference; lastKnownFileType = image.png; path = "Clock-50.png"; sourceTree = "<group>"; };
		CCDA838C1B52095000FA2BA5 /* Bullish-50.png */ = {isa = PBXFileReference; lastKnownFileType = image.png; path = "Bullish-50.png"; sourceTree = "<group>"; };
/* End PBXFileReference section */

/* Begin PBXFrameworksBuildPhase section */
		8E2C90F91B09C35200761A1E /* Frameworks */ = {
			isa = PBXFrameworksBuildPhase;
			buildActionMask = 2147483647;
			files = (
				CCC197191B5285DE00433060 /* TwitterCore.framework in Frameworks */,
				8E2C91271B09C39500761A1E /* CoreMotion.framework in Frameworks */,
				8E2C91251B09C38B00761A1E /* UIKit.framework in Frameworks */,
				CCC197161B5285DE00433060 /* Fabric.framework in Frameworks */,
				CCC197171B5285DE00433060 /* TwitterKit.framework in Frameworks */,
			);
			runOnlyForDeploymentPostprocessing = 0;
		};
		8E2C91111B09C35200761A1E /* Frameworks */ = {
			isa = PBXFrameworksBuildPhase;
			buildActionMask = 2147483647;
			files = (
			);
			runOnlyForDeploymentPostprocessing = 0;
		};
/* End PBXFrameworksBuildPhase section */

/* Begin PBXGroup section */
		8E2C90F31B09C35200761A1E = {
			isa = PBXGroup;
			children = (
				8E8AC1651B5356CA00E83431 /* graphaView.swift */,
				CCC197121B5285DE00433060 /* Fabric.framework */,
				CCC197131B5285DE00433060 /* TwitterKit.framework */,
				CCC197141B5285DE00433060 /* TwitterKitResources.bundle */,
				CCC197151B5285DE00433060 /* TwitterCore.framework */,
				8ED06F2E1B241DD600F448D2 /* libcupolicy.dylib */,
				8ED06F2C1B241DC500F448D2 /* CFNetwork.framework */,
				8ED06F2A1B241DBD00F448D2 /* Security.framework */,
				8ED06F281B241DB200F448D2 /* Foundation.framework */,
				8E2C91261B09C39500761A1E /* CoreMotion.framework */,
				8E2C91241B09C38B00761A1E /* UIKit.framework */,
				8E2C90FE1B09C35200761A1E /* GyroArray */,
				8E2C91171B09C35200761A1E /* GyroArrayTests */,
				8E2C90FD1B09C35200761A1E /* Products */,
			);
			sourceTree = "<group>";
		};
		8E2C90FD1B09C35200761A1E /* Products */ = {
			isa = PBXGroup;
			children = (
				8E2C90FC1B09C35200761A1E /* GyroArray.app */,
				8E2C91141B09C35200761A1E /* GyroArrayTests.xctest */,
			);
			name = Products;
			sourceTree = "<group>";
		};
		8E2C90FE1B09C35200761A1E /* GyroArray */ = {
			isa = PBXGroup;
			children = (
				8E8AC1631B52AA4200E83431 /* ViewController12.swift */,
				CCC1970E1B520F8E00433060 /* sample.mp3 */,
				CCDA838C1B52095000FA2BA5 /* Bullish-50.png */,
				CCDA838A1B52092700FA2BA5 /* Clock-50.png */,
				CCDA83881B52073000FA2BA5 /* female-jogger-silhouette-fog-sunset-run-bay-area-sky.jpg */,
				CCDA83861B52072600FA2BA5 /* hot-milk.jpg */,
				CCDA83841B52071200FA2BA5 /* Bed-32.png */,
				CCDA83821B52070100FA2BA5 /* Twitter-25.png */,
				CCDA83801B5206D700FA2BA5 /* rogo.png */,
				8E2C91011B09C35200761A1E /* AppDelegate.swift */,
				A853219C1B4EE46B003FC2A0 /* Vtew Controller2.swift */,
				8E2C91061B09C35200761A1E /* ViewController.swift */,
				8E2C91081B09C35200761A1E /* Main.storyboard */,
				8E2C910B1B09C35200761A1E /* Images.xcassets */,
				8E2C910D1B09C35200761A1E /* LaunchScreen.xib */,
				8E2C91031B09C35200761A1E /* GyroArray.xcdatamodeld */,
				8E2C90FF1B09C35200761A1E /* Supporting Files */,
				8E6489711B23C5700091190D /* getMotionSensor.swift */,
				8EAFA76F1B392357005FCCD8 /* httpgets.swift */,
				8E6489731B23C61C0091190D /* JsonSaveData.swift */,
				8EA19C661B30787F004A3794 /* SaveDataAll.swift */,
			);
			path = GyroArray;
			sourceTree = "<group>";
		};
		8E2C90FF1B09C35200761A1E /* Supporting Files */ = {
			isa = PBXGroup;
			children = (
				CCC1970C1B520F8400433060 /* Arame.swift */,
				8E3843A31B3CB3E600CBB6C6 /* httpgets2.swift */,
			);
			name = "Supporting Files";
			sourceTree = "<group>";
		};
		8E2C91171B09C35200761A1E /* GyroArrayTests */ = {
			isa = PBXGroup;
			children = (
				8E2C911A1B09C35200761A1E /* GyroArrayTests.swift */,
				8E2C91181B09C35200761A1E /* Supporting Files */,
			);
			path = GyroArrayTests;
			sourceTree = "<group>";
		};
		8E2C91181B09C35200761A1E /* Supporting Files */ = {
			isa = PBXGroup;
			children = (
				8E2C91191B09C35200761A1E /* Info.plist */,
			);
			name = "Supporting Files";
			sourceTree = "<group>";
		};
/* End PBXGroup section */

/* Begin PBXNativeTarget section */
		8E2C90FB1B09C35200761A1E /* GyroArray */ = {
			isa = PBXNativeTarget;
			buildConfigurationList = 8E2C911E1B09C35200761A1E /* Build configuration list for PBXNativeTarget "GyroArray" */;
			buildPhases = (
				8E2C90F81B09C35200761A1E /* Sources */,
				8E2C90F91B09C35200761A1E /* Frameworks */,
				8E2C90FA1B09C35200761A1E /* Resources */,
				CCC197111B52853600433060 /* ShellScript */,
			);
			buildRules = (
			);
			dependencies = (
			);
			name = GyroArray;
			productName = GyroArray;
			productReference = 8E2C90FC1B09C35200761A1E /* GyroArray.app */;
			productType = "com.apple.product-type.application";
		};
		8E2C91131B09C35200761A1E /* GyroArrayTests */ = {
			isa = PBXNativeTarget;
			buildConfigurationList = 8E2C91211B09C35200761A1E /* Build configuration list for PBXNativeTarget "GyroArrayTests" */;
			buildPhases = (
				8E2C91101B09C35200761A1E /* Sources */,
				8E2C91111B09C35200761A1E /* Frameworks */,
				8E2C91121B09C35200761A1E /* Resources */,
			);
			buildRules = (
			);
			dependencies = (
				8E2C91161B09C35200761A1E /* PBXTargetDependency */,
			);
			name = GyroArrayTests;
			productName = GyroArrayTests;
			productReference = 8E2C91141B09C35200761A1E /* GyroArrayTests.xctest */;
			productType = "com.apple.product-type.bundle.unit-test";
		};
/* End PBXNativeTarget section */

/* Begin PBXProject section */
		8E2C90F41B09C35200761A1E /* Project object */ = {
			isa = PBXProject;
			attributes = {
				LastUpgradeCheck = 0630;
				ORGANIZATIONNAME = mycompany;
				TargetAttributes = {
					8E2C90FB1B09C35200761A1E = {
						CreatedOnToolsVersion = 6.3.1;
						DevelopmentTeam = YW5NR6JLRM;
					};
					8E2C91131B09C35200761A1E = {
						CreatedOnToolsVersion = 6.3.1;
						TestTargetID = 8E2C90FB1B09C35200761A1E;
					};
				};
			};
			buildConfigurationList = 8E2C90F71B09C35200761A1E /* Build configuration list for PBXProject "GyroArray" */;
			compatibilityVersion = "Xcode 3.2";
			developmentRegion = English;
			hasScannedForEncodings = 0;
			knownRegions = (
				en,
				Base,
			);
			mainGroup = 8E2C90F31B09C35200761A1E;
			productRefGroup = 8E2C90FD1B09C35200761A1E /* Products */;
			projectDirPath = "";
			projectRoot = "";
			targets = (
				8E2C90FB1B09C35200761A1E /* GyroArray */,
				8E2C91131B09C35200761A1E /* GyroArrayTests */,
			);
		};
/* End PBXProject section */

/* Begin PBXResourcesBuildPhase section */
		8E2C90FA1B09C35200761A1E /* Resources */ = {
			isa = PBXResourcesBuildPhase;
			buildActionMask = 2147483647;
			files = (
				CCDA838D1B52095000FA2BA5 /* Bullish-50.png in Resources */,
				CCDA83851B52071200FA2BA5 /* Bed-32.png in Resources */,
				CCDA83831B52070100FA2BA5 /* Twitter-25.png in Resources */,
				CCDA838B1B52092700FA2BA5 /* Clock-50.png in Resources */,
				CCC197181B5285DE00433060 /* TwitterKitResources.bundle in Resources */,
				CCC1970F1B520F8E00433060 /* sample.mp3 in Resources */,
				CCDA83811B5206D700FA2BA5 /* rogo.png in Resources */,
				8E2C910A1B09C35200761A1E /* Main.storyboard in Resources */,
				CCDA83891B52073000FA2BA5 /* female-jogger-silhouette-fog-sunset-run-bay-area-sky.jpg in Resources */,
				8E2C910F1B09C35200761A1E /* LaunchScreen.xib in Resources */,
				8E2C910C1B09C35200761A1E /* Images.xcassets in Resources */,
				CCDA83871B52072600FA2BA5 /* hot-milk.jpg in Resources */,
			);
			runOnlyForDeploymentPostprocessing = 0;
		};
		8E2C91121B09C35200761A1E /* Resources */ = {
			isa = PBXResourcesBuildPhase;
			buildActionMask = 2147483647;
			files = (
			);
			runOnlyForDeploymentPostprocessing = 0;
		};
/* End PBXResourcesBuildPhase section */

/* Begin PBXShellScriptBuildPhase section */
		CCC197111B52853600433060 /* ShellScript */ = {
			isa = PBXShellScriptBuildPhase;
			buildActionMask = 2147483647;
			files = (
			);
			inputPaths = (
			);
			outputPaths = (
			);
			runOnlyForDeploymentPostprocessing = 0;
			shellPath = "./Fabric.framework/run 34d7a9d7ce2cb0999a09053b28e4d28655210dd7 3b6960fa7a8197bf8e322f81029b1cc1695df4988d12b59dfc470dff06ea0497";
			shellScript = "";
		};
/* End PBXShellScriptBuildPhase section */

/* Begin PBXSourcesBuildPhase section */
		8E2C90F81B09C35200761A1E /* Sources */ = {
			isa = PBXSourcesBuildPhase;
			buildActionMask = 2147483647;
			files = (
				8E2C91071B09C35200761A1E /* ViewController.swift in Sources */,
				8E6489721B23C5700091190D /* getMotionSensor.swift in Sources */,
				8E8AC1661B5356CA00E83431 /* graphaView.swift in Sources */,
				CCC1970D1B520F8400433060 /* Arame.swift in Sources */,
				8EA19C671B30787F004A3794 /* SaveDataAll.swift in Sources */,
				8E2C91051B09C35200761A1E /* GyroArray.xcdatamodeld in Sources */,
				8EAFA7701B392357005FCCD8 /* httpgets.swift in Sources */,
				8E8AC1641B52AA4200E83431 /* ViewController12.swift in Sources */,
				8E2C91021B09C35200761A1E /* AppDelegate.swift in Sources */,
				8E6489741B23C61C0091190D /* JsonSaveData.swift in Sources */,
				A853219D1B4EE46B003FC2A0 /* Vtew Controller2.swift in Sources */,
				8E3843A41B3CB3E600CBB6C6 /* httpgets2.swift in Sources */,
			);
			runOnlyForDeploymentPostprocessing = 0;
		};
		8E2C91101B09C35200761A1E /* Sources */ = {
			isa = PBXSourcesBuildPhase;
			buildActionMask = 2147483647;
			files = (
				8E2C911B1B09C35200761A1E /* GyroArrayTests.swift in Sources */,
			);
			runOnlyForDeploymentPostprocessing = 0;
		};
/* End PBXSourcesBuildPhase section */

/* Begin PBXTargetDependency section */
		8E2C91161B09C35200761A1E /* PBXTargetDependency */ = {
			isa = PBXTargetDependency;
			target = 8E2C90FB1B09C35200761A1E /* GyroArray */;
			targetProxy = 8E2C91151B09C35200761A1E /* PBXContainerItemProxy */;
		};
/* End PBXTargetDependency section */

/* Begin PBXVariantGroup section */
		8E2C91081B09C35200761A1E /* Main.storyboard */ = {
			isa = PBXVariantGroup;
			children = (
				8E2C91091B09C35200761A1E /* Base */,
			);
			name = Main.storyboard;
			sourceTree = "<group>";
		};
		8E2C910D1B09C35200761A1E /* LaunchScreen.xib */ = {
			isa = PBXVariantGroup;
			children = (
				8E2C910E1B09C35200761A1E /* Base */,
			);
			name = LaunchScreen.xib;
			sourceTree = "<group>";
		};
/* End PBXVariantGroup section */

/* Begin XCBuildConfiguration section */
		8E2C911C1B09C35200761A1E /* Debug */ = {
			isa = XCBuildConfiguration;
			buildSettings = {
				ALWAYS_SEARCH_USER_PATHS = NO;
				CLANG_CXX_LANGUAGE_STANDARD = "gnu++0x";
				CLANG_CXX_LIBRARY = "libc++";
				CLANG_ENABLE_MODULES = YES;
				CLANG_ENABLE_OBJC_ARC = YES;
				CLANG_WARN_BOOL_CONVERSION = YES;
				CLANG_WARN_CONSTANT_CONVERSION = YES;
				CLANG_WARN_DIRECT_OBJC_ISA_USAGE = YES_ERROR;
				CLANG_WARN_EMPTY_BODY = YES;
				CLANG_WARN_ENUM_CONVERSION = YES;
				CLANG_WARN_INT_CONVERSION = YES;
				CLANG_WARN_OBJC_ROOT_CLASS = YES_ERROR;
				CLANG_WARN_UNREACHABLE_CODE = YES;
				CLANG_WARN__DUPLICATE_METHOD_MATCH = YES;
				"CODE_SIGN_IDENTITY[sdk=iphoneos*]" = "iPhone Developer";
				COPY_PHASE_STRIP = NO;
				DEBUG_INFORMATION_FORMAT = "dwarf-with-dsym";
				ENABLE_STRICT_OBJC_MSGSEND = YES;
				GCC_C_LANGUAGE_STANDARD = gnu99;
				GCC_DYNAMIC_NO_PIC = NO;
				GCC_NO_COMMON_BLOCKS = YES;
				GCC_OPTIMIZATION_LEVEL = 0;
				GCC_PREPROCESSOR_DEFINITIONS = (
					"DEBUG=1",
					"$(inherited)",
				);
				GCC_SYMBOLS_PRIVATE_EXTERN = NO;
				GCC_WARN_64_TO_32_BIT_CONVERSION = YES;
				GCC_WARN_ABOUT_RETURN_TYPE = YES_ERROR;
				GCC_WARN_UNDECLARED_SELECTOR = YES;
				GCC_WARN_UNINITIALIZED_AUTOS = YES_AGGRESSIVE;
				GCC_WARN_UNUSED_FUNCTION = YES;
				GCC_WARN_UNUSED_VARIABLE = YES;
				IPHONEOS_DEPLOYMENT_TARGET = 8.3;
				MTL_ENABLE_DEBUG_INFO = YES;
				ONLY_ACTIVE_ARCH = YES;
				SDKROOT = iphoneos;
				SWIFT_OPTIMIZATION_LEVEL = "-Onone";
				TARGETED_DEVICE_FAMILY = "1,2";
			};
			name = Debug;
		};
		8E2C911D1B09C35200761A1E /* Release */ = {
			isa = XCBuildConfiguration;
			buildSettings = {
				ALWAYS_SEARCH_USER_PATHS = NO;
				CLANG_CXX_LANGUAGE_STANDARD = "gnu++0x";
				CLANG_CXX_LIBRARY = "libc++";
				CLANG_ENABLE_MODULES = YES;
				CLANG_ENABLE_OBJC_ARC = YES;
				CLANG_WARN_BOOL_CONVERSION = YES;
				CLANG_WARN_CONSTANT_CONVERSION = YES;
				CLANG_WARN_DIRECT_OBJC_ISA_USAGE = YES_ERROR;
				CLANG_WARN_EMPTY_BODY = YES;
				CLANG_WARN_ENUM_CONVERSION = YES;
				CLANG_WARN_INT_CONVERSION = YES;
				CLANG_WARN_OBJC_ROOT_CLASS = YES_ERROR;
				CLANG_WARN_UNREACHABLE_CODE = YES;
				CLANG_WARN__DUPLICATE_METHOD_MATCH = YES;
				"CODE_SIGN_IDENTITY[sdk=iphoneos*]" = "iPhone Developer";
				COPY_PHASE_STRIP = NO;
				DEBUG_INFORMATION_FORMAT = "dwarf-with-dsym";
				ENABLE_NS_ASSERTIONS = NO;
				ENABLE_STRICT_OBJC_MSGSEND = YES;
				GCC_C_LANGUAGE_STANDARD = gnu99;
				GCC_NO_COMMON_BLOCKS = YES;
				GCC_WARN_64_TO_32_BIT_CONVERSION = YES;
				GCC_WARN_ABOUT_RETURN_TYPE = YES_ERROR;
				GCC_WARN_UNDECLARED_SELECTOR = YES;
				GCC_WARN_UNINITIALIZED_AUTOS = YES_AGGRESSIVE;
				GCC_WARN_UNUSED_FUNCTION = YES;
				GCC_WARN_UNUSED_VARIABLE = YES;
				IPHONEOS_DEPLOYMENT_TARGET = 8.3;
				MTL_ENABLE_DEBUG_INFO = NO;
				SDKROOT = iphoneos;
				TARGETED_DEVICE_FAMILY = "1,2";
				VALIDATE_PRODUCT = YES;
			};
			name = Release;
		};
		8E2C911F1B09C35200761A1E /* Debug */ = {
			isa = XCBuildConfiguration;
			buildSettings = {
				ASSETCATALOG_COMPILER_APPICON_NAME = AppIcon;
				CODE_SIGN_IDENTITY = "iPhone Developer";
				FRAMEWORK_SEARCH_PATHS = (
					"$(inherited)",
					"$(PROJECT_DIR)",
				);
				INFOPLIST_FILE = GyroArray/Info.plist;
				LD_RUNPATH_SEARCH_PATHS = "$(inherited) @executable_path/Frameworks";
				PRODUCT_NAME = "$(TARGET_NAME)";
				SWIFT_OBJC_BRIDGING_HEADER = "";
			};
			name = Debug;
		};
		8E2C91201B09C35200761A1E /* Release */ = {
			isa = XCBuildConfiguration;
			buildSettings = {
				ASSETCATALOG_COMPILER_APPICON_NAME = AppIcon;
				CODE_SIGN_IDENTITY = "iPhone Developer";
				FRAMEWORK_SEARCH_PATHS = (
					"$(inherited)",
					"$(PROJECT_DIR)",
				);
				INFOPLIST_FILE = GyroArray/Info.plist;
				LD_RUNPATH_SEARCH_PATHS = "$(inherited) @executable_path/Frameworks";
				PRODUCT_NAME = "$(TARGET_NAME)";
				SWIFT_OBJC_BRIDGING_HEADER = "";
			};
			name = Release;
		};
		8E2C91221B09C35200761A1E /* Debug */ = {
			isa = XCBuildConfiguration;
			buildSettings = {
				BUNDLE_LOADER = "$(TEST_HOST)";
				FRAMEWORK_SEARCH_PATHS = (
					"$(SDKROOT)/Developer/Library/Frameworks",
					"$(inherited)",
				);
				GCC_PREPROCESSOR_DEFINITIONS = (
					"DEBUG=1",
					"$(inherited)",
				);
				INFOPLIST_FILE = GyroArrayTests/Info.plist;
				LD_RUNPATH_SEARCH_PATHS = "$(inherited) @executable_path/Frameworks @loader_path/Frameworks";
				PRODUCT_NAME = "$(TARGET_NAME)";
				TEST_HOST = "$(BUILT_PRODUCTS_DIR)/GyroArray.app/GyroArray";
			};
			name = Debug;
		};
		8E2C91231B09C35200761A1E /* Release */ = {
			isa = XCBuildConfiguration;
			buildSettings = {
				BUNDLE_LOADER = "$(TEST_HOST)";
				FRAMEWORK_SEARCH_PATHS = (
					"$(SDKROOT)/Developer/Library/Frameworks",
					"$(inherited)",
				);
				INFOPLIST_FILE = GyroArrayTests/Info.plist;
				LD_RUNPATH_SEARCH_PATHS = "$(inherited) @executable_path/Frameworks @loader_path/Frameworks";
				PRODUCT_NAME = "$(TARGET_NAME)";
				TEST_HOST = "$(BUILT_PRODUCTS_DIR)/GyroArray.app/GyroArray";
			};
			name = Release;
		};
/* End XCBuildConfiguration section */

/* Begin XCConfigurationList section */
		8E2C90F71B09C35200761A1E /* Build configuration list for PBXProject "GyroArray" */ = {
			isa = XCConfigurationList;
			buildConfigurations = (
				8E2C911C1B09C35200761A1E /* Debug */,
				8E2C911D1B09C35200761A1E /* Release */,
			);
			defaultConfigurationIsVisible = 0;
			defaultConfigurationName = Release;
		};
		8E2C911E1B09C35200761A1E /* Build configuration list for PBXNativeTarget "GyroArray" */ = {
			isa = XCConfigurationList;
			buildConfigurations = (
				8E2C911F1B09C35200761A1E /* Debug */,
				8E2C91201B09C35200761A1E /* Release */,
			);
			defaultConfigurationIsVisible = 0;
			defaultConfigurationName = Release;
		};
		8E2C91211B09C35200761A1E /* Build configuration list for PBXNativeTarget "GyroArrayTests" */ = {
			isa = XCConfigurationList;
			buildConfigurations = (
				8E2C91221B09C35200761A1E /* Debug */,
				8E2C91231B09C35200761A1E /* Release */,
			);
			defaultConfigurationIsVisible = 0;
			defaultConfigurationName = Release;
		};
/* End XCConfigurationList section */

/* Begin XCVersionGroup section */
		8E2C91031B09C35200761A1E /* GyroArray.xcdatamodeld */ = {
			isa = XCVersionGroup;
			children = (
				8E2C91041B09C35200761A1E /* GyroArray.xcdatamodel */,
			);
			currentVersion = 8E2C91041B09C35200761A1E /* GyroArray.xcdatamodel */;
			path = GyroArray.xcdatamodeld;
			sourceTree = "<group>";
			versionGroupType = wrapper.xcdatamodel;
		};
/* End XCVersionGroup section */
	};
	rootObject = 8E2C90F41B09C35200761A1E /* Project object */;
}
